{
  "name": "santiago",
  "version": "1.0.0",
  "lockfileVersion": 1,
  "requires": true,
  "dependencies": {
    "@types/bootbox": {
      "version": "4.4.36",
      "resolved": "https://registry.npmjs.org/@types/bootbox/-/bootbox-4.4.36.tgz",
      "integrity": "sha1-6T80iEs6VaohsYmiuWfn0ckZapQ=",
      "requires": {
        "@types/jquery": "*"
      }
    },
    "@types/bootstrap": {
      "version": "3.3.39",
      "resolved": "https://registry.npmjs.org/@types/bootstrap/-/bootstrap-3.3.39.tgz",
      "integrity": "sha1-qg0giZnkpPlB3pRo/5KMBVB4MPg=",
      "dev": true,
      "requires": {
        "@types/jquery": "*"
      }
    },
    "@types/bootstrap-datepicker": {
      "version": "0.0.12",
      "resolved": "https://registry.npmjs.org/@types/bootstrap-datepicker/-/bootstrap-datepicker-0.0.12.tgz",
      "integrity": "sha1-ILgYhXUTJWkmzjUFB4nm3/AxNic=",
      "requires": {
        "@types/jquery": "*"
      }
    },
    "@types/chartjs": {
      "version": "0.0.31",
      "resolved": "https://registry.npmjs.org/@types/chartjs/-/chartjs-0.0.31.tgz",
      "integrity": "sha512-eF1AgrIO0qP9KJYwM2dTKL2pczTjiLa0hfmZdQfKiqFq5WIvFTKPn1gkgADitF5sT4byEyq4EFdMVvuPIk6zeQ=="
    },
    "@types/jquery": {
      "version": "3.3.1",
      "resolved": "https://registry.npmjs.org/@types/jquery/-/jquery-3.3.1.tgz",
      "integrity": "sha1-VXWNRNQidW1jKcv1Tm1Bkx17oo8="
    }
  }
}
